// !$*UTF8*$!
{
	archiveVersion = 1;
	classes = {
	};
	objectVersion = 46;
	objects = {

/* Begin PBXBuildFile section */
		CE4400741C8E5E5C001232C0 /* main.m in Sources */ = {isa = PBXBuildFile; fileRef = CE4400731C8E5E5C001232C0 /* main.m */; };
		CE4400771C8E5E5C001232C0 /* AppDelegate.m in Sources */ = {isa = PBXBuildFile; fileRef = CE4400761C8E5E5C001232C0 /* AppDelegate.m */; };
		CE44007A1C8E5E5C001232C0 /* ViewController.m in Sources */ = {isa = PBXBuildFile; fileRef = CE4400791C8E5E5C001232C0 /* ViewController.m */; };
		CE44007D1C8E5E5D001232C0 /* Main.storyboard in Resources */ = {isa = PBXBuildFile; fileRef = CE44007B1C8E5E5C001232C0 /* Main.storyboard */; };
		CE4400801C8E5E5D001232C0 /* testMapDemoOne.xcdatamodeld in Sources */ = {isa = PBXBuildFile; fileRef = CE44007E1C8E5E5D001232C0 /* testMapDemoOne.xcdatamodeld */; };
		CE4400821C8E5E5D001232C0 /* Assets.xcassets in Resources */ = {isa = PBXBuildFile; fileRef = CE4400811C8E5E5D001232C0 /* Assets.xcassets */; };
		CE4400851C8E5E5D001232C0 /* LaunchScreen.storyboard in Resources */ = {isa = PBXBuildFile; fileRef = CE4400831C8E5E5D001232C0 /* LaunchScreen.storyboard */; };
		CE4400901C8E5E5D001232C0 /* testMapDemoOneTests.m in Sources */ = {isa = PBXBuildFile; fileRef = CE44008F1C8E5E5D001232C0 /* testMapDemoOneTests.m */; };
		CE44009B1C8E5E5D001232C0 /* testMapDemoOneUITests.m in Sources */ = {isa = PBXBuildFile; fileRef = CE44009A1C8E5E5D001232C0 /* testMapDemoOneUITests.m */; };
		CE629F481C8FFDE4003A9721 /* Info.plist in Resources */ = {isa = PBXBuildFile; fileRef = CE629F2E1C8FFDE4003A9721 /* Info.plist */; };
		CE629F491C8FFDE4003A9721 /* MASCompositeConstraint.m in Sources */ = {isa = PBXBuildFile; fileRef = CE629F301C8FFDE4003A9721 /* MASCompositeConstraint.m */; };
		CE629F4A1C8FFDE4003A9721 /* MASConstraint.m in Sources */ = {isa = PBXBuildFile; fileRef = CE629F331C8FFDE4003A9721 /* MASConstraint.m */; };
		CE629F4B1C8FFDE4003A9721 /* MASConstraintMaker.m in Sources */ = {isa = PBXBuildFile; fileRef = CE629F351C8FFDE4003A9721 /* MASConstraintMaker.m */; };
		CE629F4C1C8FFDE4003A9721 /* MASLayoutConstraint.m in Sources */ = {isa = PBXBuildFile; fileRef = CE629F371C8FFDE4003A9721 /* MASLayoutConstraint.m */; };
		CE629F4D1C8FFDE4003A9721 /* MASViewAttribute.m in Sources */ = {isa = PBXBuildFile; fileRef = CE629F3B1C8FFDE4003A9721 /* MASViewAttribute.m */; };
		CE629F4E1C8FFDE4003A9721 /* MASViewConstraint.m in Sources */ = {isa = PBXBuildFile; fileRef = CE629F3D1C8FFDE4003A9721 /* MASViewConstraint.m */; };
		CE629F4F1C8FFDE4003A9721 /* NSArray+MASAdditions.m in Sources */ = {isa = PBXBuildFile; fileRef = CE629F3F1C8FFDE4003A9721 /* NSArray+MASAdditions.m */; };
		CE629F501C8FFDE4003A9721 /* NSLayoutConstraint+MASDebugAdditions.m in Sources */ = {isa = PBXBuildFile; fileRef = CE629F421C8FFDE4003A9721 /* NSLayoutConstraint+MASDebugAdditions.m */; };
		CE629F511C8FFDE4003A9721 /* View+MASAdditions.m in Sources */ = {isa = PBXBuildFile; fileRef = CE629F441C8FFDE4003A9721 /* View+MASAdditions.m */; };
		CE629F521C8FFDE4003A9721 /* ViewController+MASAdditions.m in Sources */ = {isa = PBXBuildFile; fileRef = CE629F471C8FFDE4003A9721 /* ViewController+MASAdditions.m */; };
		CE8B81841C9105890004F678 /* libstdc++.6.0.9.tbd in Frameworks */ = {isa = PBXBuildFile; fileRef = CE8B81831C9105890004F678 /* libstdc++.6.0.9.tbd */; };
		CE8B81861C9105BA0004F678 /* CoreLocation.framework in Frameworks */ = {isa = PBXBuildFile; fileRef = CE8B81851C9105BA0004F678 /* CoreLocation.framework */; };
		CE8B818E1C91063D0004F678 /* add@2x.png in Resources */ = {isa = PBXBuildFile; fileRef = CE8B81871C91063D0004F678 /* add@2x.png */; };
		CE8B818F1C91063D0004F678 /* add@3x.png in Resources */ = {isa = PBXBuildFile; fileRef = CE8B81881C91063D0004F678 /* add@3x.png */; };
		CE8B81901C91063D0004F678 /* class.bundle in Resources */ = {isa = PBXBuildFile; fileRef = CE8B81891C91063D0004F678 /* class.bundle */; };
		CE8B81911C91063D0004F678 /* GridView.m in Sources */ = {isa = PBXBuildFile; fileRef = CE8B818B1C91063D0004F678 /* GridView.m */; };
		CE8B81921C91063D0004F678 /* InMapView.m in Sources */ = {isa = PBXBuildFile; fileRef = CE8B818D1C91063D0004F678 /* InMapView.m */; };
		CE8B81BE1C91064F0004F678 /* indoor.bundle in Resources */ = {isa = PBXBuildFile; fileRef = CE8B819A1C91064F0004F678 /* indoor.bundle */; };
		CE8B81BF1C91064F0004F678 /* libIndoorMapLib.a in Frameworks */ = {isa = PBXBuildFile; fileRef = CE8B819B1C91064F0004F678 /* libIndoorMapLib.a */; };
		CE8B81C01C91064F0004F678 /* 0-1@2x.png in Resources */ = {isa = PBXBuildFile; fileRef = CE8B819D1C91064F0004F678 /* 0-1@2x.png */; };
		CE8B81C11C91064F0004F678 /* 0@2x.png in Resources */ = {isa = PBXBuildFile; fileRef = CE8B819E1C91064F0004F678 /* 0@2x.png */; };
		CE8B81C21C91064F0004F678 /* 200300.png in Resources */ = {isa = PBXBuildFile; fileRef = CE8B819F1C91064F0004F678 /* 200300.png */; };
		CE8B81C31C91064F0004F678 /* 200301.png in Resources */ = {isa = PBXBuildFile; fileRef = CE8B81A01C91064F0004F678 /* 200301.png */; };
		CE8B81C41C91064F0004F678 /* 200302.png in Resources */ = {isa = PBXBuildFile; fileRef = CE8B81A11C91064F0004F678 /* 200302.png */; };
		CE8B81C51C91064F0004F678 /* 50000-1@2x.png in Resources */ = {isa = PBXBuildFile; fileRef = CE8B81A21C91064F0004F678 /* 50000-1@2x.png */; };
		CE8B81C61C91064F0004F678 /* 50000@2x.png in Resources */ = {isa = PBXBuildFile; fileRef = CE8B81A31C91064F0004F678 /* 50000@2x.png */; };
		CE8B81C71C91064F0004F678 /* 60000-1@2x.png in Resources */ = {isa = PBXBuildFile; fileRef = CE8B81A41C91064F0004F678 /* 60000-1@2x.png */; };
		CE8B81C81C91064F0004F678 /* 60000@2x.png in Resources */ = {isa = PBXBuildFile; fileRef = CE8B81A51C91064F0004F678 /* 60000@2x.png */; };
		CE8B81C91C91064F0004F678 /* 990100.png in Resources */ = {isa = PBXBuildFile; fileRef = CE8B81A61C91064F0004F678 /* 990100.png */; };
		CE8B81CA1C91064F0004F678 /* 990200.png in Resources */ = {isa = PBXBuildFile; fileRef = CE8B81A71C91064F0004F678 /* 990200.png */; };
		CE8B81CB1C91064F0004F678 /* 990300.png in Resources */ = {isa = PBXBuildFile; fileRef = CE8B81A81C91064F0004F678 /* 990300.png */; };
		CE8B81CC1C91064F0004F678 /* 990400.png in Resources */ = {isa = PBXBuildFile; fileRef = CE8B81A91C91064F0004F678 /* 990400.png */; };
		CE8B81CD1C91064F0004F678 /* 990500.png in Resources */ = {isa = PBXBuildFile; fileRef = CE8B81AA1C91064F0004F678 /* 990500.png */; };
		CE8B81CE1C91064F0004F678 /* default_map_select_point_normal@2x.png in Resources */ = {isa = PBXBuildFile; fileRef = CE8B81AB1C91064F0004F678 /* default_map_select_point_normal@2x.png */; };
		CE8B81CF1C91064F0004F678 /* fegl_boytoilets@2x.png in Resources */ = {isa = PBXBuildFile; fileRef = CE8B81AC1C91064F0004F678 /* fegl_boytoilets@2x.png */; };
		CE8B81D01C91064F0004F678 /* fegl_elevator@2x.png in Resources */ = {isa = PBXBuildFile; fileRef = CE8B81AD1C91064F0004F678 /* fegl_elevator@2x.png */; };
		CE8B81D11C91064F0004F678 /* fegl_escalator@2x.png in Resources */ = {isa = PBXBuildFile; fileRef = CE8B81AE1C91064F0004F678 /* fegl_escalator@2x.png */; };
		CE8B81D21C91064F0004F678 /* fegl_flag@2x.png in Resources */ = {isa = PBXBuildFile; fileRef = CE8B81AF1C91064F0004F678 /* fegl_flag@2x.png */; };
		CE8B81D31C91064F0004F678 /* fegl_girltoilets@2x.png in Resources */ = {isa = PBXBuildFile; fileRef = CE8B81B01C91064F0004F678 /* fegl_girltoilets@2x.png */; };
		CE8B81D41C91064F0004F678 /* fegl_mteam@2x.png in Resources */ = {isa = PBXBuildFile; fileRef = CE8B81B11C91064F0004F678 /* fegl_mteam@2x.png */; };
		CE8B81D51C91064F0004F678 /* fegl_staircase@2x.png in Resources */ = {isa = PBXBuildFile; fileRef = CE8B81B21C91064F0004F678 /* fegl_staircase@2x.png */; };
		CE8B81D61C91064F0004F678 /* fegl_toilets@2x.png in Resources */ = {isa = PBXBuildFile; fileRef = CE8B81B31C91064F0004F678 /* fegl_toilets@2x.png */; };
		CE8B81D71C91064F0004F678 /* fegl_user_arrow@2x.png in Resources */ = {isa = PBXBuildFile; fileRef = CE8B81B41C91064F0004F678 /* fegl_user_arrow@2x.png */; };
		CE8B81D81C91064F0004F678 /* indoorMap_colors.json in Resources */ = {isa = PBXBuildFile; fileRef = CE8B81B51C91064F0004F678 /* indoorMap_colors.json */; };
		CE8B81D91C91064F0004F678 /* north_arrow@2x.png in Resources */ = {isa = PBXBuildFile; fileRef = CE8B81B61C91064F0004F678 /* north_arrow@2x.png */; };
		CE8B81DA1C91064F0004F678 /* white.png in Resources */ = {isa = PBXBuildFile; fileRef = CE8B81B71C91064F0004F678 /* white.png */; };
		CE8B81DB1C91064F0004F678 /* route.bundle in Resources */ = {isa = PBXBuildFile; fileRef = CE8B81B81C91064F0004F678 /* route.bundle */; };
		CE8B81DC1C91064F0004F678 /* mapOne.png in Resources */ = {isa = PBXBuildFile; fileRef = CE8B81B91C91064F0004F678 /* mapOne.png */; };
		CE8B81DD1C91064F0004F678 /* mapTwo.png in Resources */ = {isa = PBXBuildFile; fileRef = CE8B81BA1C91064F0004F678 /* mapTwo.png */; };
		CE8B81DE1C91064F0004F678 /* popMarkeView.m in Sources */ = {isa = PBXBuildFile; fileRef = CE8B81BC1C91064F0004F678 /* popMarkeView.m */; };
		CE8B81DF1C91064F0004F678 /* route.bundle in Resources */ = {isa = PBXBuildFile; fileRef = CE8B81BD1C91064F0004F678 /* route.bundle */; };
		CE8B81E11C91066F0004F678 /* libz.tbd in Frameworks */ = {isa = PBXBuildFile; fileRef = CE8B81E01C91066F0004F678 /* libz.tbd */; };
/* End PBXBuildFile section */

/* Begin PBXContainerItemProxy section */
		CE44008C1C8E5E5D001232C0 /* PBXContainerItemProxy */ = {
			isa = PBXContainerItemProxy;
			containerPortal = CE4400671C8E5E5C001232C0 /* Project object */;
			proxyType = 1;
			remoteGlobalIDString = CE44006E1C8E5E5C001232C0;
			remoteInfo = testMapDemoOne;
		};
		CE4400971C8E5E5D001232C0 /* PBXContainerItemProxy */ = {
			isa = PBXContainerItemProxy;
			containerPortal = CE4400671C8E5E5C001232C0 /* Project object */;
			proxyType = 1;
			remoteGlobalIDString = CE44006E1C8E5E5C001232C0;
			remoteInfo = testMapDemoOne;
		};
/* End PBXContainerItemProxy section */

/* Begin PBXFileReference section */
		CE44006F1C8E5E5C001232C0 /* testMapDemoOne.app */ = {isa = PBXFileReference; explicitFileType = wrapper.application; includeInIndex = 0; path = testMapDemoOne.app; sourceTree = BUILT_PRODUCTS_DIR; };
		CE4400731C8E5E5C001232C0 /* main.m */ = {isa = PBXFileReference; lastKnownFileType = sourcecode.c.objc; path = main.m; sourceTree = "<group>"; };
		CE4400751C8E5E5C001232C0 /* AppDelegate.h */ = {isa = PBXFileReference; lastKnownFileType = sourcecode.c.h; path = AppDelegate.h; sourceTree = "<group>"; };
		CE4400761C8E5E5C001232C0 /* AppDelegate.m */ = {isa = PBXFileReference; lastKnownFileType = sourcecode.c.objc; path = AppDelegate.m; sourceTree = "<group>"; };
		CE4400781C8E5E5C001232C0 /* ViewController.h */ = {isa = PBXFileReference; lastKnownFileType = sourcecode.c.h; path = ViewController.h; sourceTree = "<group>"; };
		CE4400791C8E5E5C001232C0 /* ViewController.m */ = {isa = PBXFileReference; lastKnownFileType = sourcecode.c.objc; path = ViewController.m; sourceTree = "<group>"; };
		CE44007C1C8E5E5D001232C0 /* Base */ = {isa = PBXFileReference; lastKnownFileType = file.storyboard; name = Base; path = Base.lproj/Main.storyboard; sourceTree = "<group>"; };
		CE44007F1C8E5E5D001232C0 /* testMapDemoOne.xcdatamodel */ = {isa = PBXFileReference; lastKnownFileType = wrapper.xcdatamodel; path = testMapDemoOne.xcdatamodel; sourceTree = "<group>"; };
		CE4400811C8E5E5D001232C0 /* Assets.xcassets */ = {isa = PBXFileReference; lastKnownFileType = folder.assetcatalog; path = Assets.xcassets; sourceTree = "<group>"; };
		CE4400841C8E5E5D001232C0 /* Base */ = {isa = PBXFileReference; lastKnownFileType = file.storyboard; name = Base; path = Base.lproj/LaunchScreen.storyboard; sourceTree = "<group>"; };
		CE4400861C8E5E5D001232C0 /* Info.plist */ = {isa = PBXFileReference; lastKnownFileType = text.plist.xml; path = Info.plist; sourceTree = "<group>"; };
		CE44008B1C8E5E5D001232C0 /* testMapDemoOneTests.xctest */ = {isa = PBXFileReference; explicitFileType = wrapper.cfbundle; includeInIndex = 0; path = testMapDemoOneTests.xctest; sourceTree = BUILT_PRODUCTS_DIR; };
		CE44008F1C8E5E5D001232C0 /* testMapDemoOneTests.m */ = {isa = PBXFileReference; lastKnownFileType = sourcecode.c.objc; path = testMapDemoOneTests.m; sourceTree = "<group>"; };
		CE4400911C8E5E5D001232C0 /* Info.plist */ = {isa = PBXFileReference; lastKnownFileType = text.plist.xml; path = Info.plist; sourceTree = "<group>"; };
		CE4400961C8E5E5D001232C0 /* testMapDemoOneUITests.xctest */ = {isa = PBXFileReference; explicitFileType = wrapper.cfbundle; includeInIndex = 0; path = testMapDemoOneUITests.xctest; sourceTree = BUILT_PRODUCTS_DIR; };
		CE44009A1C8E5E5D001232C0 /* testMapDemoOneUITests.m */ = {isa = PBXFileReference; lastKnownFileType = sourcecode.c.objc; path = testMapDemoOneUITests.m; sourceTree = "<group>"; };
		CE44009C1C8E5E5D001232C0 /* Info.plist */ = {isa = PBXFileReference; lastKnownFileType = text.plist.xml; path = Info.plist; sourceTree = "<group>"; };
		CE629F2E1C8FFDE4003A9721 /* Info.plist */ = {isa = PBXFileReference; fileEncoding = 4; lastKnownFileType = text.plist.xml; path = Info.plist; sourceTree = "<group>"; };
		CE629F2F1C8FFDE4003A9721 /* MASCompositeConstraint.h */ = {isa = PBXFileReference; fileEncoding = 4; lastKnownFileType = sourcecode.c.h; path = MASCompositeConstraint.h; sourceTree = "<group>"; };
		CE629F301C8FFDE4003A9721 /* MASCompositeConstraint.m */ = {isa = PBXFileReference; fileEncoding = 4; lastKnownFileType = sourcecode.c.objc; path = MASCompositeConstraint.m; sourceTree = "<group>"; };
		CE629F311C8FFDE4003A9721 /* MASConstraint+Private.h */ = {isa = PBXFileReference; fileEncoding = 4; lastKnownFileType = sourcecode.c.h; path = "MASConstraint+Private.h"; sourceTree = "<group>"; };
		CE629F321C8FFDE4003A9721 /* MASConstraint.h */ = {isa = PBXFileReference; fileEncoding = 4; lastKnownFileType = sourcecode.c.h; path = MASConstraint.h; sourceTree = "<group>"; };
		CE629F331C8FFDE4003A9721 /* MASConstraint.m */ = {isa = PBXFileReference; fileEncoding = 4; lastKnownFileType = sourcecode.c.objc; path = MASConstraint.m; sourceTree = "<group>"; };
		CE629F341C8FFDE4003A9721 /* MASConstraintMaker.h */ = {isa = PBXFileReference; fileEncoding = 4; lastKnownFileType = sourcecode.c.h; path = MASConstraintMaker.h; sourceTree = "<group>"; };
		CE629F351C8FFDE4003A9721 /* MASConstraintMaker.m */ = {isa = PBXFileReference; fileEncoding = 4; lastKnownFileType = sourcecode.c.objc; path = MASConstraintMaker.m; sourceTree = "<group>"; };
		CE629F361C8FFDE4003A9721 /* MASLayoutConstraint.h */ = {isa = PBXFileReference; fileEncoding = 4; lastKnownFileType = sourcecode.c.h; path = MASLayoutConstraint.h; sourceTree = "<group>"; };
		CE629F371C8FFDE4003A9721 /* MASLayoutConstraint.m */ = {isa = PBXFileReference; fileEncoding = 4; lastKnownFileType = sourcecode.c.objc; path = MASLayoutConstraint.m; sourceTree = "<group>"; };
		CE629F381C8FFDE4003A9721 /* Masonry.h */ = {isa = PBXFileReference; fileEncoding = 4; lastKnownFileType = sourcecode.c.h; path = Masonry.h; sourceTree = "<group>"; };
		CE629F391C8FFDE4003A9721 /* MASUtilities.h */ = {isa = PBXFileReference; fileEncoding = 4; lastKnownFileType = sourcecode.c.h; path = MASUtilities.h; sourceTree = "<group>"; };
		CE629F3A1C8FFDE4003A9721 /* MASViewAttribute.h */ = {isa = PBXFileReference; fileEncoding = 4; lastKnownFileType = sourcecode.c.h; path = MASViewAttribute.h; sourceTree = "<group>"; };
		CE629F3B1C8FFDE4003A9721 /* MASViewAttribute.m */ = {isa = PBXFileReference; fileEncoding = 4; lastKnownFileType = sourcecode.c.objc; path = MASViewAttribute.m; sourceTree = "<group>"; };
		CE629F3C1C8FFDE4003A9721 /* MASViewConstraint.h */ = {isa = PBXFileReference; fileEncoding = 4; lastKnownFileType = sourcecode.c.h; path = MASViewConstraint.h; sourceTree = "<group>"; };
		CE629F3D1C8FFDE4003A9721 /* MASViewConstraint.m */ = {isa = PBXFileReference; fileEncoding = 4; lastKnownFileType = sourcecode.c.objc; path = MASViewConstraint.m; sourceTree = "<group>"; };
		CE629F3E1C8FFDE4003A9721 /* NSArray+MASAdditions.h */ = {isa = PBXFileReference; fileEncoding = 4; lastKnownFileType = sourcecode.c.h; path = "NSArray+MASAdditions.h"; sourceTree = "<group>"; };
		CE629F3F1C8FFDE4003A9721 /* NSArray+MASAdditions.m */ = {isa = PBXFileReference; fileEncoding = 4; lastKnownFileType = sourcecode.c.objc; path = "NSArray+MASAdditions.m"; sourceTree = "<group>"; };
		CE629F401C8FFDE4003A9721 /* NSArray+MASShorthandAdditions.h */ = {isa = PBXFileReference; fileEncoding = 4; lastKnownFileType = sourcecode.c.h; path = "NSArray+MASShorthandAdditions.h"; sourceTree = "<group>"; };
		CE629F411C8FFDE4003A9721 /* NSLayoutConstraint+MASDebugAdditions.h */ = {isa = PBXFileReference; fileEncoding = 4; lastKnownFileType = sourcecode.c.h; path = "NSLayoutConstraint+MASDebugAdditions.h"; sourceTree = "<group>"; };
		CE629F421C8FFDE4003A9721 /* NSLayoutConstraint+MASDebugAdditions.m */ = {isa = PBXFileReference; fileEncoding = 4; lastKnownFileType = sourcecode.c.objc; path = "NSLayoutConstraint+MASDebugAdditions.m"; sourceTree = "<group>"; };
		CE629F431C8FFDE4003A9721 /* View+MASAdditions.h */ = {isa = PBXFileReference; fileEncoding = 4; lastKnownFileType = sourcecode.c.h; path = "View+MASAdditions.h"; sourceTree = "<group>"; };
		CE629F441C8FFDE4003A9721 /* View+MASAdditions.m */ = {isa = PBXFileReference; fileEncoding = 4; lastKnownFileType = sourcecode.c.objc; path = "View+MASAdditions.m"; sourceTree = "<group>"; };
		CE629F451C8FFDE4003A9721 /* View+MASShorthandAdditions.h */ = {isa = PBXFileReference; fileEncoding = 4; lastKnownFileType = sourcecode.c.h; path = "View+MASShorthandAdditions.h"; sourceTree = "<group>"; };
		CE629F461C8FFDE4003A9721 /* ViewController+MASAdditions.h */ = {isa = PBXFileReference; fileEncoding = 4; lastKnownFileType = sourcecode.c.h; path = "ViewController+MASAdditions.h"; sourceTree = "<group>"; };
		CE629F471C8FFDE4003A9721 /* ViewController+MASAdditions.m */ = {isa = PBXFileReference; fileEncoding = 4; lastKnownFileType = sourcecode.c.objc; path = "ViewController+MASAdditions.m"; sourceTree = "<group>"; };
		CE629F531C8FFE8D003A9721 /* PrefixHeader.pch */ = {isa = PBXFileReference; fileEncoding = 4; lastKnownFileType = sourcecode.c.h; path = PrefixHeader.pch; sourceTree = "<group>"; };
		CE8B81831C9105890004F678 /* libstdc++.6.0.9.tbd */ = {isa = PBXFileReference; lastKnownFileType = "sourcecode.text-based-dylib-definition"; name = "libstdc++.6.0.9.tbd"; path = "usr/lib/libstdc++.6.0.9.tbd"; sourceTree = SDKROOT; };
		CE8B81851C9105BA0004F678 /* CoreLocation.framework */ = {isa = PBXFileReference; lastKnownFileType = wrapper.framework; name = CoreLocation.framework; path = System/Library/Frameworks/CoreLocation.framework; sourceTree = SDKROOT; };
		CE8B81871C91063D0004F678 /* add@2x.png */ = {isa = PBXFileReference; lastKnownFileType = image.png; path = "add@2x.png"; sourceTree = "<group>"; };
		CE8B81881C91063D0004F678 /* add@3x.png */ = {isa = PBXFileReference; lastKnownFileType = image.png; path = "add@3x.png"; sourceTree = "<group>"; };
		CE8B81891C91063D0004F678 /* class.bundle */ = {isa = PBXFileReference; lastKnownFileType = "wrapper.plug-in"; path = class.bundle; sourceTree = "<group>"; };
		CE8B818A1C91063D0004F678 /* GridView.h */ = {isa = PBXFileReference; fileEncoding = 4; lastKnownFileType = sourcecode.c.h; path = GridView.h; sourceTree = "<group>"; };
		CE8B818B1C91063D0004F678 /* GridView.m */ = {isa = PBXFileReference; fileEncoding = 4; lastKnownFileType = sourcecode.c.objc; path = GridView.m; sourceTree = "<group>"; };
		CE8B818C1C91063D0004F678 /* InMapView.h */ = {isa = PBXFileReference; fileEncoding = 4; lastKnownFileType = sourcecode.c.h; path = InMapView.h; sourceTree = "<group>"; };
		CE8B818D1C91063D0004F678 /* InMapView.m */ = {isa = PBXFileReference; fileEncoding = 4; lastKnownFileType = sourcecode.c.objc; path = InMapView.m; sourceTree = "<group>"; };
		CE8B81951C91064F0004F678 /* IndoorDataManger.h */ = {isa = PBXFileReference; fileEncoding = 4; lastKnownFileType = sourcecode.c.h; path = IndoorDataManger.h; sourceTree = "<group>"; };
		CE8B81961C91064F0004F678 /* IndoorFloorHBar.h */ = {isa = PBXFileReference; fileEncoding = 4; lastKnownFileType = sourcecode.c.h; path = IndoorFloorHBar.h; sourceTree = "<group>"; };
		CE8B81971C91064F0004F678 /* IndoorMapView.h */ = {isa = PBXFileReference; fileEncoding = 4; lastKnownFileType = sourcecode.c.h; path = IndoorMapView.h; sourceTree = "<group>"; };
		CE8B81981C91064F0004F678 /* IndoorRouteRequest.h */ = {isa = PBXFileReference; fileEncoding = 4; lastKnownFileType = sourcecode.c.h; path = IndoorRouteRequest.h; sourceTree = "<group>"; };
		CE8B81991C91064F0004F678 /* IndoorSearchEngine.h */ = {isa = PBXFileReference; fileEncoding = 4; lastKnownFileType = sourcecode.c.h; path = IndoorSearchEngine.h; sourceTree = "<group>"; };
		CE8B819A1C91064F0004F678 /* indoor.bundle */ = {isa = PBXFileReference; lastKnownFileType = "wrapper.plug-in"; path = indoor.bundle; sourceTree = "<group>"; };
		CE8B819B1C91064F0004F678 /* libIndoorMapLib.a */ = {isa = PBXFileReference; lastKnownFileType = archive.ar; path = libIndoorMapLib.a; sourceTree = "<group>"; };
		CE8B819D1C91064F0004F678 /* 0-1@2x.png */ = {isa = PBXFileReference; lastKnownFileType = image.png; path = "0-1@2x.png"; sourceTree = "<group>"; };
		CE8B819E1C91064F0004F678 /* 0@2x.png */ = {isa = PBXFileReference; lastKnownFileType = image.png; path = "0@2x.png"; sourceTree = "<group>"; };
		CE8B819F1C91064F0004F678 /* 200300.png */ = {isa = PBXFileReference; lastKnownFileType = image.png; path = 200300.png; sourceTree = "<group>"; };
		CE8B81A01C91064F0004F678 /* 200301.png */ = {isa = PBXFileReference; lastKnownFileType = image.png; path = 200301.png; sourceTree = "<group>"; };
		CE8B81A11C91064F0004F678 /* 200302.png */ = {isa = PBXFileReference; lastKnownFileType = image.png; path = 200302.png; sourceTree = "<group>"; };
		CE8B81A21C91064F0004F678 /* 50000-1@2x.png */ = {isa = PBXFileReference; lastKnownFileType = image.png; path = "50000-1@2x.png"; sourceTree = "<group>"; };
		CE8B81A31C91064F0004F678 /* 50000@2x.png */ = {isa = PBXFileReference; lastKnownFileType = image.png; path = "50000@2x.png"; sourceTree = "<group>"; };
		CE8B81A41C91064F0004F678 /* 60000-1@2x.png */ = {isa = PBXFileReference; lastKnownFileType = image.png; path = "60000-1@2x.png"; sourceTree = "<group>"; };
		CE8B81A51C91064F0004F678 /* 60000@2x.png */ = {isa = PBXFileReference; lastKnownFileType = image.png; path = "60000@2x.png"; sourceTree = "<group>"; };
		CE8B81A61C91064F0004F678 /* 990100.png */ = {isa = PBXFileReference; lastKnownFileType = image.png; path = 990100.png; sourceTree = "<group>"; };
		CE8B81A71C91064F0004F678 /* 990200.png */ = {isa = PBXFileReference; lastKnownFileType = image.png; path = 990200.png; sourceTree = "<group>"; };
		CE8B81A81C91064F0004F678 /* 990300.png */ = {isa = PBXFileReference; lastKnownFileType = image.png; path = 990300.png; sourceTree = "<group>"; };
		CE8B81A91C91064F0004F678 /* 990400.png */ = {isa = PBXFileReference; lastKnownFileType = image.png; path = 990400.png; sourceTree = "<group>"; };
		CE8B81AA1C91064F0004F678 /* 990500.png */ = {isa = PBXFileReference; lastKnownFileType = image.png; path = 990500.png; sourceTree = "<group>"; };
		CE8B81AB1C91064F0004F678 /* default_map_select_point_normal@2x.png */ = {isa = PBXFileReference; lastKnownFileType = image.png; path = "default_map_select_point_normal@2x.png"; sourceTree = "<group>"; };
		CE8B81AC1C91064F0004F678 /* fegl_boytoilets@2x.png */ = {isa = PBXFileReference; lastKnownFileType = image.png; path = "fegl_boytoilets@2x.png"; sourceTree = "<group>"; };
		CE8B81AD1C91064F0004F678 /* fegl_elevator@2x.png */ = {isa = PBXFileReference; lastKnownFileType = image.png; path = "fegl_elevator@2x.png"; sourceTree = "<group>"; };
		CE8B81AE1C91064F0004F678 /* fegl_escalator@2x.png */ = {isa = PBXFileReference; lastKnownFileType = image.png; path = "fegl_escalator@2x.png"; sourceTree = "<group>"; };
		CE8B81AF1C91064F0004F678 /* fegl_flag@2x.png */ = {isa = PBXFileReference; lastKnownFileType = image.png; path = "fegl_flag@2x.png"; sourceTree = "<group>"; };
		CE8B81B01C91064F0004F678 /* fegl_girltoilets@2x.png */ = {isa = PBXFileReference; lastKnownFileType = image.png; path = "fegl_girltoilets@2x.png"; sourceTree = "<group>"; };
		CE8B81B11C91064F0004F678 /* fegl_mteam@2x.png */ = {isa = PBXFileReference; lastKnownFileType = image.png; path = "fegl_mteam@2x.png"; sourceTree = "<group>"; };
		CE8B81B21C91064F0004F678 /* fegl_staircase@2x.png */ = {isa = PBXFileReference; lastKnownFileType = image.png; path = "fegl_staircase@2x.png"; sourceTree = "<group>"; };
		CE8B81B31C91064F0004F678 /* fegl_toilets@2x.png */ = {isa = PBXFileReference; lastKnownFileType = image.png; path = "fegl_toilets@2x.png"; sourceTree = "<group>"; };
		CE8B81B41C91064F0004F678 /* fegl_user_arrow@2x.png */ = {isa = PBXFileReference; lastKnownFileType = image.png; path = "fegl_user_arrow@2x.png"; sourceTree = "<group>"; };
		CE8B81B51C91064F0004F678 /* indoorMap_colors.json */ = {isa = PBXFileReference; fileEncoding = 4; lastKnownFileType = text.json; path = indoorMap_colors.json; sourceTree = "<group>"; };
		CE8B81B61C91064F0004F678 /* north_arrow@2x.png */ = {isa = PBXFileReference; lastKnownFileType = image.png; path = "north_arrow@2x.png"; sourceTree = "<group>"; };
		CE8B81B71C91064F0004F678 /* white.png */ = {isa = PBXFileReference; lastKnownFileType = image.png; path = white.png; sourceTree = "<group>"; };
		CE8B81B81C91064F0004F678 /* route.bundle */ = {isa = PBXFileReference; lastKnownFileType = "wrapper.plug-in"; path = route.bundle; sourceTree = "<group>"; };
		CE8B81B91C91064F0004F678 /* mapOne.png */ = {isa = PBXFileReference; lastKnownFileType = image.png; path = mapOne.png; sourceTree = "<group>"; };
		CE8B81BA1C91064F0004F678 /* mapTwo.png */ = {isa = PBXFileReference; lastKnownFileType = image.png; path = mapTwo.png; sourceTree = "<group>"; };
		CE8B81BB1C91064F0004F678 /* popMarkeView.h */ = {isa = PBXFileReference; fileEncoding = 4; lastKnownFileType = sourcecode.c.h; path = popMarkeView.h; sourceTree = "<group>"; };
		CE8B81BC1C91064F0004F678 /* popMarkeView.m */ = {isa = PBXFileReference; fileEncoding = 4; lastKnownFileType = sourcecode.c.objc; path = popMarkeView.m; sourceTree = "<group>"; };
		CE8B81BD1C91064F0004F678 /* route.bundle */ = {isa = PBXFileReference; lastKnownFileType = "wrapper.plug-in"; path = route.bundle; sourceTree = "<group>"; };
		CE8B81E01C91066F0004F678 /* libz.tbd */ = {isa = PBXFileReference; lastKnownFileType = "sourcecode.text-based-dylib-definition"; name = libz.tbd; path = usr/lib/libz.tbd; sourceTree = SDKROOT; };
/* End PBXFileReference section */

/* Begin PBXFrameworksBuildPhase section */
		CE44006C1C8E5E5C001232C0 /* Frameworks */ = {
			isa = PBXFrameworksBuildPhase;
			buildActionMask = 2147483647;
			files = (
				CE8B81E11C91066F0004F678 /* libz.tbd in Frameworks */,
				CE8B81861C9105BA0004F678 /* CoreLocation.framework in Frameworks */,
				CE8B81BF1C91064F0004F678 /* libIndoorMapLib.a in Frameworks */,
				CE8B81841C9105890004F678 /* libstdc++.6.0.9.tbd in Frameworks */,
			);
			runOnlyForDeploymentPostprocessing = 0;
		};
		CE4400881C8E5E5D001232C0 /* Frameworks */ = {
			isa = PBXFrameworksBuildPhase;
			buildActionMask = 2147483647;
			files = (
			);
			runOnlyForDeploymentPostprocessing = 0;
		};
		CE4400931C8E5E5D001232C0 /* Frameworks */ = {
			isa = PBXFrameworksBuildPhase;
			buildActionMask = 2147483647;
			files = (
			);
			runOnlyForDeploymentPostprocessing = 0;
		};
/* End PBXFrameworksBuildPhase section */

/* Begin PBXGroup section */
		CE4400661C8E5E5C001232C0 = {
			isa = PBXGroup;
			children = (
				CE4400711C8E5E5C001232C0 /* testMapDemoOne */,
				CE44008E1C8E5E5D001232C0 /* testMapDemoOneTests */,
				CE4400991C8E5E5D001232C0 /* testMapDemoOneUITests */,
				CE4400701C8E5E5C001232C0 /* Products */,
			);
			sourceTree = "<group>";
		};
		CE4400701C8E5E5C001232C0 /* Products */ = {
			isa = PBXGroup;
			children = (
				CE44006F1C8E5E5C001232C0 /* testMapDemoOne.app */,
				CE44008B1C8E5E5D001232C0 /* testMapDemoOneTests.xctest */,
				CE4400961C8E5E5D001232C0 /* testMapDemoOneUITests.xctest */,
			);
			name = Products;
			sourceTree = "<group>";
		};
		CE4400711C8E5E5C001232C0 /* testMapDemoOne */ = {
			isa = PBXGroup;
			children = (
				CE8B81931C91064F0004F678 /* lib */,
				CE8B81B91C91064F0004F678 /* mapOne.png */,
				CE8B81BA1C91064F0004F678 /* mapTwo.png */,
				CE8B81BB1C91064F0004F678 /* popMarkeView.h */,
				CE8B81BC1C91064F0004F678 /* popMarkeView.m */,
				CE8B81BD1C91064F0004F678 /* route.bundle */,
				CE8B81871C91063D0004F678 /* add@2x.png */,
				CE8B81881C91063D0004F678 /* add@3x.png */,
				CE8B81891C91063D0004F678 /* class.bundle */,
				CE8B818A1C91063D0004F678 /* GridView.h */,
				CE8B818B1C91063D0004F678 /* GridView.m */,
				CE8B818C1C91063D0004F678 /* InMapView.h */,
				CE8B818D1C91063D0004F678 /* InMapView.m */,
				CE8B81821C9105730004F678 /* Framework */,
				CE629F2D1C8FFDE4003A9721 /* Masonry */,
				CE4400751C8E5E5C001232C0 /* AppDelegate.h */,
				CE4400761C8E5E5C001232C0 /* AppDelegate.m */,
				CE4400781C8E5E5C001232C0 /* ViewController.h */,
				CE4400791C8E5E5C001232C0 /* ViewController.m */,
				CE629F531C8FFE8D003A9721 /* PrefixHeader.pch */,
				CE44007B1C8E5E5C001232C0 /* Main.storyboard */,
				CE4400811C8E5E5D001232C0 /* Assets.xcassets */,
				CE4400831C8E5E5D001232C0 /* LaunchScreen.storyboard */,
				CE4400861C8E5E5D001232C0 /* Info.plist */,
				CE44007E1C8E5E5D001232C0 /* testMapDemoOne.xcdatamodeld */,
				CE4400721C8E5E5C001232C0 /* Supporting Files */,
			);
			path = testMapDemoOne;
			sourceTree = "<group>";
		};
		CE4400721C8E5E5C001232C0 /* Supporting Files */ = {
			isa = PBXGroup;
			children = (
				CE4400731C8E5E5C001232C0 /* main.m */,
			);
			name = "Supporting Files";
			sourceTree = "<group>";
		};
		CE44008E1C8E5E5D001232C0 /* testMapDemoOneTests */ = {
			isa = PBXGroup;
			children = (
				CE44008F1C8E5E5D001232C0 /* testMapDemoOneTests.m */,
				CE4400911C8E5E5D001232C0 /* Info.plist */,
			);
			path = testMapDemoOneTests;
			sourceTree = "<group>";
		};
		CE4400991C8E5E5D001232C0 /* testMapDemoOneUITests */ = {
			isa = PBXGroup;
			children = (
				CE44009A1C8E5E5D001232C0 /* testMapDemoOneUITests.m */,
				CE44009C1C8E5E5D001232C0 /* Info.plist */,
			);
			path = testMapDemoOneUITests;
			sourceTree = "<group>";
		};
		CE629F2D1C8FFDE4003A9721 /* Masonry */ = {
			isa = PBXGroup;
			children = (
				CE629F2E1C8FFDE4003A9721 /* Info.plist */,
				CE629F2F1C8FFDE4003A9721 /* MASCompositeConstraint.h */,
				CE629F301C8FFDE4003A9721 /* MASCompositeConstraint.m */,
				CE629F311C8FFDE4003A9721 /* MASConstraint+Private.h */,
				CE629F321C8FFDE4003A9721 /* MASConstraint.h */,
				CE629F331C8FFDE4003A9721 /* MASConstraint.m */,
				CE629F341C8FFDE4003A9721 /* MASConstraintMaker.h */,
				CE629F351C8FFDE4003A9721 /* MASConstraintMaker.m */,
				CE629F361C8FFDE4003A9721 /* MASLayoutConstraint.h */,
				CE629F371C8FFDE4003A9721 /* MASLayoutConstraint.m */,
				CE629F381C8FFDE4003A9721 /* Masonry.h */,
				CE629F391C8FFDE4003A9721 /* MASUtilities.h */,
				CE629F3A1C8FFDE4003A9721 /* MASViewAttribute.h */,
				CE629F3B1C8FFDE4003A9721 /* MASViewAttribute.m */,
				CE629F3C1C8FFDE4003A9721 /* MASViewConstraint.h */,
				CE629F3D1C8FFDE4003A9721 /* MASViewConstraint.m */,
				CE629F3E1C8FFDE4003A9721 /* NSArray+MASAdditions.h */,
				CE629F3F1C8FFDE4003A9721 /* NSArray+MASAdditions.m */,
				CE629F401C8FFDE4003A9721 /* NSArray+MASShorthandAdditions.h */,
				CE629F411C8FFDE4003A9721 /* NSLayoutConstraint+MASDebugAdditions.h */,
				CE629F421C8FFDE4003A9721 /* NSLayoutConstraint+MASDebugAdditions.m */,
				CE629F431C8FFDE4003A9721 /* View+MASAdditions.h */,
				CE629F441C8FFDE4003A9721 /* View+MASAdditions.m */,
				CE629F451C8FFDE4003A9721 /* View+MASShorthandAdditions.h */,
				CE629F461C8FFDE4003A9721 /* ViewController+MASAdditions.h */,
				CE629F471C8FFDE4003A9721 /* ViewController+MASAdditions.m */,
			);
			path = Masonry;
			sourceTree = "<group>";
		};
		CE8B81821C9105730004F678 /* Framework */ = {
			isa = PBXGroup;
			children = (
				CE8B81E01C91066F0004F678 /* libz.tbd */,
				CE8B81851C9105BA0004F678 /* CoreLocation.framework */,
				CE8B81831C9105890004F678 /* libstdc++.6.0.9.tbd */,
			);
			name = Framework;
			sourceTree = "<group>";
		};
		CE8B81931C91064F0004F678 /* lib */ = {
			isa = PBXGroup;
			children = (
				CE8B81941C91064F0004F678 /* include */,
				CE8B819A1C91064F0004F678 /* indoor.bundle */,
				CE8B819B1C91064F0004F678 /* libIndoorMapLib.a */,
				CE8B819C1C91064F0004F678 /* resource */,
				CE8B81B81C91064F0004F678 /* route.bundle */,
			);
			path = lib;
			sourceTree = "<group>";
		};
		CE8B81941C91064F0004F678 /* include */ = {
			isa = PBXGroup;
			children = (
				CE8B81951C91064F0004F678 /* IndoorDataManger.h */,
				CE8B81961C91064F0004F678 /* IndoorFloorHBar.h */,
				CE8B81971C91064F0004F678 /* IndoorMapView.h */,
				CE8B81981C91064F0004F678 /* IndoorRouteRequest.h */,
				CE8B81991C91064F0004F678 /* IndoorSearchEngine.h */,
			);
			path = include;
			sourceTree = "<group>";
		};
		CE8B819C1C91064F0004F678 /* resource */ = {
			isa = PBXGroup;
			children = (
				CE8B819D1C91064F0004F678 /* 0-1@2x.png */,
				CE8B819E1C91064F0004F678 /* 0@2x.png */,
				CE8B819F1C91064F0004F678 /* 200300.png */,
				CE8B81A01C91064F0004F678 /* 200301.png */,
				CE8B81A11C91064F0004F678 /* 200302.png */,
				CE8B81A21C91064F0004F678 /* 50000-1@2x.png */,
				CE8B81A31C91064F0004F678 /* 50000@2x.png */,
				CE8B81A41C91064F0004F678 /* 60000-1@2x.png */,
				CE8B81A51C91064F0004F678 /* 60000@2x.png */,
				CE8B81A61C91064F0004F678 /* 990100.png */,
				CE8B81A71C91064F0004F678 /* 990200.png */,
				CE8B81A81C91064F0004F678 /* 990300.png */,
				CE8B81A91C91064F0004F678 /* 990400.png */,
				CE8B81AA1C91064F0004F678 /* 990500.png */,
				CE8B81AB1C91064F0004F678 /* default_map_select_point_normal@2x.png */,
				CE8B81AC1C91064F0004F678 /* fegl_boytoilets@2x.png */,
				CE8B81AD1C91064F0004F678 /* fegl_elevator@2x.png */,
				CE8B81AE1C91064F0004F678 /* fegl_escalator@2x.png */,
				CE8B81AF1C91064F0004F678 /* fegl_flag@2x.png */,
				CE8B81B01C91064F0004F678 /* fegl_girltoilets@2x.png */,
				CE8B81B11C91064F0004F678 /* fegl_mteam@2x.png */,
				CE8B81B21C91064F0004F678 /* fegl_staircase@2x.png */,
				CE8B81B31C91064F0004F678 /* fegl_toilets@2x.png */,
				CE8B81B41C91064F0004F678 /* fegl_user_arrow@2x.png */,
				CE8B81B51C91064F0004F678 /* indoorMap_colors.json */,
				CE8B81B61C91064F0004F678 /* north_arrow@2x.png */,
				CE8B81B71C91064F0004F678 /* white.png */,
			);
			path = resource;
			sourceTree = "<group>";
		};
/* End PBXGroup section */

/* Begin PBXNativeTarget section */
		CE44006E1C8E5E5C001232C0 /* testMapDemoOne */ = {
			isa = PBXNativeTarget;
			buildConfigurationList = CE44009F1C8E5E5D001232C0 /* Build configuration list for PBXNativeTarget "testMapDemoOne" */;
			buildPhases = (
				CE44006B1C8E5E5C001232C0 /* Sources */,
				CE44006C1C8E5E5C001232C0 /* Frameworks */,
				CE44006D1C8E5E5C001232C0 /* Resources */,
			);
			buildRules = (
			);
			dependencies = (
			);
			name = testMapDemoOne;
			productName = testMapDemoOne;
			productReference = CE44006F1C8E5E5C001232C0 /* testMapDemoOne.app */;
			productType = "com.apple.product-type.application";
		};
		CE44008A1C8E5E5D001232C0 /* testMapDemoOneTests */ = {
			isa = PBXNativeTarget;
			buildConfigurationList = CE4400A21C8E5E5D001232C0 /* Build configuration list for PBXNativeTarget "testMapDemoOneTests" */;
			buildPhases = (
				CE4400871C8E5E5D001232C0 /* Sources */,
				CE4400881C8E5E5D001232C0 /* Frameworks */,
				CE4400891C8E5E5D001232C0 /* Resources */,
			);
			buildRules = (
			);
			dependencies = (
				CE44008D1C8E5E5D001232C0 /* PBXTargetDependency */,
			);
			name = testMapDemoOneTests;
			productName = testMapDemoOneTests;
			productReference = CE44008B1C8E5E5D001232C0 /* testMapDemoOneTests.xctest */;
			productType = "com.apple.product-type.bundle.unit-test";
		};
		CE4400951C8E5E5D001232C0 /* testMapDemoOneUITests */ = {
			isa = PBXNativeTarget;
			buildConfigurationList = CE4400A51C8E5E5D001232C0 /* Build configuration list for PBXNativeTarget "testMapDemoOneUITests" */;
			buildPhases = (
				CE4400921C8E5E5D001232C0 /* Sources */,
				CE4400931C8E5E5D001232C0 /* Frameworks */,
				CE4400941C8E5E5D001232C0 /* Resources */,
			);
			buildRules = (
			);
			dependencies = (
				CE4400981C8E5E5D001232C0 /* PBXTargetDependency */,
			);
			name = testMapDemoOneUITests;
			productName = testMapDemoOneUITests;
			productReference = CE4400961C8E5E5D001232C0 /* testMapDemoOneUITests.xctest */;
			productType = "com.apple.product-type.bundle.ui-testing";
		};
/* End PBXNativeTarget section */

/* Begin PBXProject section */
		CE4400671C8E5E5C001232C0 /* Project object */ = {
			isa = PBXProject;
			attributes = {
				LastUpgradeCheck = 0720;
				ORGANIZATIONNAME = wondergroup;
				TargetAttributes = {
					CE44006E1C8E5E5C001232C0 = {
						CreatedOnToolsVersion = 7.2;
					};
					CE44008A1C8E5E5D001232C0 = {
						CreatedOnToolsVersion = 7.2;
						TestTargetID = CE44006E1C8E5E5C001232C0;
					};
					CE4400951C8E5E5D001232C0 = {
						CreatedOnToolsVersion = 7.2;
						TestTargetID = CE44006E1C8E5E5C001232C0;
					};
				};
			};
			buildConfigurationList = CE44006A1C8E5E5C001232C0 /* Build configuration list for PBXProject "testMapDemoOne" */;
			compatibilityVersion = "Xcode 3.2";
			developmentRegion = English;
			hasScannedForEncodings = 0;
			knownRegions = (
				en,
				Base,
			);
			mainGroup = CE4400661C8E5E5C001232C0;
			productRefGroup = CE4400701C8E5E5C001232C0 /* Products */;
			projectDirPath = "";
			projectRoot = "";
			targets = (
				CE44006E1C8E5E5C001232C0 /* testMapDemoOne */,
				CE44008A1C8E5E5D001232C0 /* testMapDemoOneTests */,
				CE4400951C8E5E5D001232C0 /* testMapDemoOneUITests */,
			);
		};
/* End PBXProject section */

/* Begin PBXResourcesBuildPhase section */
		CE44006D1C8E5E5C001232C0 /* Resources */ = {
			isa = PBXResourcesBuildPhase;
			buildActionMask = 2147483647;
			files = (
				CE8B81BE1C91064F0004F678 /* indoor.bundle in Resources */,
				CE8B81CE1C91064F0004F678 /* default_map_select_point_normal@2x.png in Resources */,
				CE629F481C8FFDE4003A9721 /* Info.plist in Resources */,
				CE8B818E1C91063D0004F678 /* add@2x.png in Resources */,
				CE8B81D51C91064F0004F678 /* fegl_staircase@2x.png in Resources */,
				CE8B81DD1C91064F0004F678 /* mapTwo.png in Resources */,
				CE8B81DA1C91064F0004F678 /* white.png in Resources */,
				CE8B81D21C91064F0004F678 /* fegl_flag@2x.png in Resources */,
				CE4400851C8E5E5D001232C0 /* LaunchScreen.storyboard in Resources */,
				CE8B818F1C91063D0004F678 /* add@3x.png in Resources */,
				CE8B81D81C91064F0004F678 /* indoorMap_colors.json in Resources */,
				CE8B81D31C91064F0004F678 /* fegl_girltoilets@2x.png in Resources */,
				CE8B81D41C91064F0004F678 /* fegl_mteam@2x.png in Resources */,
				CE8B81CC1C91064F0004F678 /* 990400.png in Resources */,
				CE8B81CD1C91064F0004F678 /* 990500.png in Resources */,
				CE4400821C8E5E5D001232C0 /* Assets.xcassets in Resources */,
				CE8B81C51C91064F0004F678 /* 50000-1@2x.png in Resources */,
				CE44007D1C8E5E5D001232C0 /* Main.storyboard in Resources */,
				CE8B81D91C91064F0004F678 /* north_arrow@2x.png in Resources */,
				CE8B81C61C91064F0004F678 /* 50000@2x.png in Resources */,
				CE8B81C11C91064F0004F678 /* 0@2x.png in Resources */,
				CE8B81C81C91064F0004F678 /* 60000@2x.png in Resources */,
				CE8B81D01C91064F0004F678 /* fegl_elevator@2x.png in Resources */,
				CE8B81D11C91064F0004F678 /* fegl_escalator@2x.png in Resources */,
				CE8B81CF1C91064F0004F678 /* fegl_boytoilets@2x.png in Resources */,
				CE8B81901C91063D0004F678 /* class.bundle in Resources */,
				CE8B81C41C91064F0004F678 /* 200302.png in Resources */,
				CE8B81C21C91064F0004F678 /* 200300.png in Resources */,
				CE8B81C91C91064F0004F678 /* 990100.png in Resources */,
				CE8B81D71C91064F0004F678 /* fegl_user_arrow@2x.png in Resources */,
				CE8B81CA1C91064F0004F678 /* 990200.png in Resources */,
				CE8B81DF1C91064F0004F678 /* route.bundle in Resources */,
				CE8B81C01C91064F0004F678 /* 0-1@2x.png in Resources */,
				CE8B81DB1C91064F0004F678 /* route.bundle in Resources */,
				CE8B81C31C91064F0004F678 /* 200301.png in Resources */,
				CE8B81CB1C91064F0004F678 /* 990300.png in Resources */,
				CE8B81DC1C91064F0004F678 /* mapOne.png in Resources */,
				CE8B81D61C91064F0004F678 /* fegl_toilets@2x.png in Resources */,
				CE8B81C71C91064F0004F678 /* 60000-1@2x.png in Resources */,
			);
			runOnlyForDeploymentPostprocessing = 0;
		};
		CE4400891C8E5E5D001232C0 /* Resources */ = {
			isa = PBXResourcesBuildPhase;
			buildActionMask = 2147483647;
			files = (
			);
			runOnlyForDeploymentPostprocessing = 0;
		};
		CE4400941C8E5E5D001232C0 /* Resources */ = {
			isa = PBXResourcesBuildPhase;
			buildActionMask = 2147483647;
			files = (
			);
			runOnlyForDeploymentPostprocessing = 0;
		};
/* End PBXResourcesBuildPhase section */

/* Begin PBXSourcesBuildPhase section */
		CE44006B1C8E5E5C001232C0 /* Sources */ = {
			isa = PBXSourcesBuildPhase;
			buildActionMask = 2147483647;
			files = (
				CE629F4B1C8FFDE4003A9721 /* MASConstraintMaker.m in Sources */,
				CE8B81DE1C91064F0004F678 /* popMarkeView.m in Sources */,
				CE4400801C8E5E5D001232C0 /* testMapDemoOne.xcdatamodeld in Sources */,
				CE44007A1C8E5E5C001232C0 /* ViewController.m in Sources */,
				CE629F4A1C8FFDE4003A9721 /* MASConstraint.m in Sources */,
				CE629F521C8FFDE4003A9721 /* ViewController+MASAdditions.m in Sources */,
				CE629F4C1C8FFDE4003A9721 /* MASLayoutConstraint.m in Sources */,
				CE8B81921C91063D0004F678 /* InMapView.m in Sources */,
				CE629F4F1C8FFDE4003A9721 /* NSArray+MASAdditions.m in Sources */,
				CE629F4E1C8FFDE4003A9721 /* MASViewConstraint.m in Sources */,
				CE629F4D1C8FFDE4003A9721 /* MASViewAttribute.m in Sources */,
				CE629F511C8FFDE4003A9721 /* View+MASAdditions.m in Sources */,
				CE4400771C8E5E5C001232C0 /* AppDelegate.m in Sources */,
				CE4400741C8E5E5C001232C0 /* main.m in Sources */,
				CE629F491C8FFDE4003A9721 /* MASCompositeConstraint.m in Sources */,
				CE8B81911C91063D0004F678 /* GridView.m in Sources */,
				CE629F501C8FFDE4003A9721 /* NSLayoutConstraint+MASDebugAdditions.m in Sources */,
			);
			runOnlyForDeploymentPostprocessing = 0;
		};
		CE4400871C8E5E5D001232C0 /* Sources */ = {
			isa = PBXSourcesBuildPhase;
			buildActionMask = 2147483647;
			files = (
				CE4400901C8E5E5D001232C0 /* testMapDemoOneTests.m in Sources */,
			);
			runOnlyForDeploymentPostprocessing = 0;
		};
		CE4400921C8E5E5D001232C0 /* Sources */ = {
			isa = PBXSourcesBuildPhase;
			buildActionMask = 2147483647;
			files = (
				CE44009B1C8E5E5D001232C0 /* testMapDemoOneUITests.m in Sources */,
			);
			runOnlyForDeploymentPostprocessing = 0;
		};
/* End PBXSourcesBuildPhase section */

/* Begin PBXTargetDependency section */
		CE44008D1C8E5E5D001232C0 /* PBXTargetDependency */ = {
			isa = PBXTargetDependency;
			target = CE44006E1C8E5E5C001232C0 /* testMapDemoOne */;
			targetProxy = CE44008C1C8E5E5D001232C0 /* PBXContainerItemProxy */;
		};
		CE4400981C8E5E5D001232C0 /* PBXTargetDependency */ = {
			isa = PBXTargetDependency;
			target = CE44006E1C8E5E5C001232C0 /* testMapDemoOne */;
			targetProxy = CE4400971C8E5E5D001232C0 /* PBXContainerItemProxy */;
		};
/* End PBXTargetDependency section */

/* Begin PBXVariantGroup section */
		CE44007B1C8E5E5C001232C0 /* Main.storyboard */ = {
			isa = PBXVariantGroup;
			children = (
				CE44007C1C8E5E5D001232C0 /* Base */,
			);
			name = Main.storyboard;
			sourceTree = "<group>";
		};
		CE4400831C8E5E5D001232C0 /* LaunchScreen.storyboard */ = {
			isa = PBXVariantGroup;
			children = (
				CE4400841C8E5E5D001232C0 /* Base */,
			);
			name = LaunchScreen.storyboard;
			sourceTree = "<group>";
		};
/* End PBXVariantGroup section */

/* Begin XCBuildConfiguration section */
		CE44009D1C8E5E5D001232C0 /* Debug */ = {
			isa = XCBuildConfiguration;
			buildSettings = {
				ALWAYS_SEARCH_USER_PATHS = NO;
				CLANG_CXX_LANGUAGE_STANDARD = "gnu++0x";
				CLANG_CXX_LIBRARY = "libc++";
				CLANG_ENABLE_MODULES = YES;
				CLANG_ENABLE_OBJC_ARC = YES;
				CLANG_WARN_BOOL_CONVERSION = YES;
				CLANG_WARN_CONSTANT_CONVERSION = YES;
				CLANG_WARN_DIRECT_OBJC_ISA_USAGE = YES_ERROR;
				CLANG_WARN_EMPTY_BODY = YES;
				CLANG_WARN_ENUM_CONVERSION = YES;
				CLANG_WARN_INT_CONVERSION = YES;
				CLANG_WARN_OBJC_ROOT_CLASS = YES_ERROR;
				CLANG_WARN_UNREACHABLE_CODE = YES;
				CLANG_WARN__DUPLICATE_METHOD_MATCH = YES;
				"CODE_SIGN_IDENTITY[sdk=iphoneos*]" = "iPhone Developer";
				COPY_PHASE_STRIP = NO;
				DEBUG_INFORMATION_FORMAT = dwarf;
				ENABLE_STRICT_OBJC_MSGSEND = YES;
				ENABLE_TESTABILITY = YES;
				GCC_C_LANGUAGE_STANDARD = gnu99;
				GCC_DYNAMIC_NO_PIC = NO;
				GCC_NO_COMMON_BLOCKS = YES;
				GCC_OPTIMIZATION_LEVEL = 0;
				GCC_PREPROCESSOR_DEFINITIONS = (
					"DEBUG=1",
					"$(inherited)",
				);
				GCC_WARN_64_TO_32_BIT_CONVERSION = YES;
				GCC_WARN_ABOUT_RETURN_TYPE = YES_ERROR;
				GCC_WARN_UNDECLARED_SELECTOR = YES;
				GCC_WARN_UNINITIALIZED_AUTOS = YES_AGGRESSIVE;
				GCC_WARN_UNUSED_FUNCTION = YES;
				GCC_WARN_UNUSED_VARIABLE = YES;
				IPHONEOS_DEPLOYMENT_TARGET = 9.2;
				MTL_ENABLE_DEBUG_INFO = YES;
				ONLY_ACTIVE_ARCH = YES;
				SDKROOT = iphoneos;
			};
			name = Debug;
		};
		CE44009E1C8E5E5D001232C0 /* Release */ = {
			isa = XCBuildConfiguration;
			buildSettings = {
				ALWAYS_SEARCH_USER_PATHS = NO;
				CLANG_CXX_LANGUAGE_STANDARD = "gnu++0x";
				CLANG_CXX_LIBRARY = "libc++";
				CLANG_ENABLE_MODULES = YES;
				CLANG_ENABLE_OBJC_ARC = YES;
				CLANG_WARN_BOOL_CONVERSION = YES;
				CLANG_WARN_CONSTANT_CONVERSION = YES;
				CLANG_WARN_DIRECT_OBJC_ISA_USAGE = YES_ERROR;
				CLANG_WARN_EMPTY_BODY = YES;
				CLANG_WARN_ENUM_CONVERSION = YES;
				CLANG_WARN_INT_CONVERSION = YES;
				CLANG_WARN_OBJC_ROOT_CLASS = YES_ERROR;
				CLANG_WARN_UNREACHABLE_CODE = YES;
				CLANG_WARN__DUPLICATE_METHOD_MATCH = YES;
				"CODE_SIGN_IDENTITY[sdk=iphoneos*]" = "iPhone Developer";
				COPY_PHASE_STRIP = NO;
				DEBUG_INFORMATION_FORMAT = "dwarf-with-dsym";
				ENABLE_NS_ASSERTIONS = NO;
				ENABLE_STRICT_OBJC_MSGSEND = YES;
				GCC_C_LANGUAGE_STANDARD = gnu99;
				GCC_NO_COMMON_BLOCKS = YES;
				GCC_WARN_64_TO_32_BIT_CONVERSION = YES;
				GCC_WARN_ABOUT_RETURN_TYPE = YES_ERROR;
				GCC_WARN_UNDECLARED_SELECTOR = YES;
				GCC_WARN_UNINITIALIZED_AUTOS = YES_AGGRESSIVE;
				GCC_WARN_UNUSED_FUNCTION = YES;
				GCC_WARN_UNUSED_VARIABLE = YES;
				IPHONEOS_DEPLOYMENT_TARGET = 9.2;
				MTL_ENABLE_DEBUG_INFO = NO;
				SDKROOT = iphoneos;
				VALIDATE_PRODUCT = YES;
			};
			name = Release;
		};
		CE4400A01C8E5E5D001232C0 /* Debug */ = {
			isa = XCBuildConfiguration;
			buildSettings = {
				ASSETCATALOG_COMPILER_APPICON_NAME = AppIcon;
				GCC_PRECOMPILE_PREFIX_HEADER = YES;
				GCC_PREFIX_HEADER = "/Users/shaorui/邵瑞/学习记录/MyGit/ios/testMapDemoOne/testMapDemoOne/PrefixHeader.pch";
				INFOPLIST_FILE = testMapDemoOne/Info.plist;
				IPHONEOS_DEPLOYMENT_TARGET = 8.0;
				LD_RUNPATH_SEARCH_PATHS = "$(inherited) @executable_path/Frameworks";
				LIBRARY_SEARCH_PATHS = (
					"$(inherited)",
					"$(PROJECT_DIR)/testMapDemoOne/lib",
				);
				PRODUCT_BUNDLE_IDENTIFIER = com.wondergroup.testMapDemoOne.testMapDemoOne;
				PRODUCT_NAME = "$(TARGET_NAME)";
			};
			name = Debug;
		};
		CE4400A11C8E5E5D001232C0 /* Release */ = {
			isa = XCBuildConfiguration;
			buildSettings = {
				ASSETCATALOG_COMPILER_APPICON_NAME = AppIcon;
				GCC_PRECOMPILE_PREFIX_HEADER = YES;
				GCC_PREFIX_HEADER = "/Users/shaorui/邵瑞/学习记录/MyGit/ios/testMapDemoOne/testMapDemoOne/PrefixHeader.pch";
				INFOPLIST_FILE = testMapDemoOne/Info.plist;
				IPHONEOS_DEPLOYMENT_TARGET = 8.0;
				LD_RUNPATH_SEARCH_PATHS = "$(inherited) @executable_path/Frameworks";
				LIBRARY_SEARCH_PATHS = (
					"$(inherited)",
					"$(PROJECT_DIR)/testMapDemoOne/lib",
				);
				PRODUCT_BUNDLE_IDENTIFIER = com.wondergroup.testMapDemoOne.testMapDemoOne;
				PRODUCT_NAME = "$(TARGET_NAME)";
			};
			name = Release;
		};
		CE4400A31C8E5E5D001232C0 /* Debug */ = {
			isa = XCBuildConfiguration;
			buildSettings = {
				BUNDLE_LOADER = "$(TEST_HOST)";
				INFOPLIST_FILE = testMapDemoOneTests/Info.plist;
				LD_RUNPATH_SEARCH_PATHS = "$(inherited) @executable_path/Frameworks @loader_path/Frameworks";
				PRODUCT_BUNDLE_IDENTIFIER = com.wondergroup.testMapDemoOne.testMapDemoOneTests;
				PRODUCT_NAME = "$(TARGET_NAME)";
				TEST_HOST = "$(BUILT_PRODUCTS_DIR)/testMapDemoOne.app/testMapDemoOne";
			};
			name = Debug;
		};
		CE4400A41C8E5E5D001232C0 /* Release */ = {
			isa = XCBuildConfiguration;
			buildSettings = {
				BUNDLE_LOADER = "$(TEST_HOST)";
				INFOPLIST_FILE = testMapDemoOneTests/Info.plist;
				LD_RUNPATH_SEARCH_PATHS = "$(inherited) @executable_path/Frameworks @loader_path/Frameworks";
				PRODUCT_BUNDLE_IDENTIFIER = com.wondergroup.testMapDemoOne.testMapDemoOneTests;
				PRODUCT_NAME = "$(TARGET_NAME)";
				TEST_HOST = "$(BUILT_PRODUCTS_DIR)/testMapDemoOne.app/testMapDemoOne";
			};
			name = Release;
		};
		CE4400A61C8E5E5D001232C0 /* Debug */ = {
			isa = XCBuildConfiguration;
			buildSettings = {
				INFOPLIST_FILE = testMapDemoOneUITests/Info.plist;
				LD_RUNPATH_SEARCH_PATHS = "$(inherited) @executable_path/Frameworks @loader_path/Frameworks";
				PRODUCT_BUNDLE_IDENTIFIER = com.wondergroup.testMapDemoOne.testMapDemoOneUITests;
				PRODUCT_NAME = "$(TARGET_NAME)";
				TEST_TARGET_NAME = testMapDemoOne;
				USES_XCTRUNNER = YES;
			};
			name = Debug;
		};
		CE4400A71C8E5E5D001232C0 /* Release */ = {
			isa = XCBuildConfiguration;
			buildSettings = {
				INFOPLIST_FILE = testMapDemoOneUITests/Info.plist;
				LD_RUNPATH_SEARCH_PATHS = "$(inherited) @executable_path/Frameworks @loader_path/Frameworks";
				PRODUCT_BUNDLE_IDENTIFIER = com.wondergroup.testMapDemoOne.testMapDemoOneUITests;
				PRODUCT_NAME = "$(TARGET_NAME)";
				TEST_TARGET_NAME = testMapDemoOne;
				USES_XCTRUNNER = YES;
			};
			name = Release;
		};
/* End XCBuildConfiguration section */

/* Begin XCConfigurationList section */
		CE44006A1C8E5E5C001232C0 /* Build configuration list for PBXProject "testMapDemoOne" */ = {
			isa = XCConfigurationList;
			buildConfigurations = (
				CE44009D1C8E5E5D001232C0 /* Debug */,
				CE44009E1C8E5E5D001232C0 /* Release */,
			);
			defaultConfigurationIsVisible = 0;
			defaultConfigurationName = Release;
		};
		CE44009F1C8E5E5D001232C0 /* Build configuration list for PBXNativeTarget "testMapDemoOne" */ = {
			isa = XCConfigurationList;
			buildConfigurations = (
				CE4400A01C8E5E5D001232C0 /* Debug */,
				CE4400A11C8E5E5D001232C0 /* Release */,
			);
			defaultConfigurationIsVisible = 0;
			defaultConfigurationName = Release;
		};
		CE4400A21C8E5E5D001232C0 /* Build configuration list for PBXNativeTarget "testMapDemoOneTests" */ = {
			isa = XCConfigurationList;
			buildConfigurations = (
				CE4400A31C8E5E5D001232C0 /* Debug */,
				CE4400A41C8E5E5D001232C0 /* Release */,
			);
			defaultConfigurationIsVisible = 0;
			defaultConfigurationName = Release;
		};
		CE4400A51C8E5E5D001232C0 /* Build configuration list for PBXNativeTarget "testMapDemoOneUITests" */ = {
			isa = XCConfigurationList;
			buildConfigurations = (
				CE4400A61C8E5E5D001232C0 /* Debug */,
				CE4400A71C8E5E5D001232C0 /* Release */,
			);
			defaultConfigurationIsVisible = 0;
			defaultConfigurationName = Release;
		};
/* End XCConfigurationList section */

/* Begin XCVersionGroup section */
		CE44007E1C8E5E5D001232C0 /* testMapDemoOne.xcdatamodeld */ = {
			isa = XCVersionGroup;
			children = (
				CE44007F1C8E5E5D001232C0 /* testMapDemoOne.xcdatamodel */,
			);
			currentVersion = CE44007F1C8E5E5D001232C0 /* testMapDemoOne.xcdatamodel */;
			path = testMapDemoOne.xcdatamodeld;
			sourceTree = "<group>";
			versionGroupType = wrapper.xcdatamodel;
		};
/* End XCVersionGroup section */
	};
	rootObject = CE4400671C8E5E5C001232C0 /* Project object */;
}
